Microsoft Visual Studio Solution File, Format Version 11.00
# Visual Studio 2008

Project("{752D0127-A837-8789-9BD7-ABAB3DAE87F5}") = "Unity-2D-BubbleStruggle-Project", "Assembly-CSharp.csproj", "{265AD70F-2723-13AD-86A2-56231A133338}"
EndProject
Global
	GlobalSection(SolutionConfigurationPlatforms) = preSolution
		Debug|Any CPU = Debug|Any CPU
		Release|Any CPU = Release|Any CPU
	EndGlobalSection
	GlobalSection(ProjectConfigurationPlatforms) = postSolution
		{265AD70F-2723-13AD-86A2-56231A133338}.Debug|Any CPU.ActiveCfg = Debug|Any CPU
		{265AD70F-2723-13AD-86A2-56231A133338}.Debug|Any CPU.Build.0 = Debug|Any CPU
		{265AD70F-2723-13AD-86A2-56231A133338}.Release|Any CPU.ActiveCfg = Release|Any CPU
		{265AD70F-2723-13AD-86A2-56231A133338}.Release|Any CPU.Build.0 = Release|Any CPU
	EndGlobalSection
	GlobalSection(SolutionProperties) = preSolution
		HideSolutionNode = FALSE
	EndGlobalSection
	GlobalSection(MonoDevelopProperties) = preSolution
		StartupItem = Assembly-CSharp.csproj
	EndGlobalSection
EndGlobal
